
Microsoft Visual Studio Solution File, Format Version 12.00
# Visual Studio Version 17
VisualStudioVersion = 17.0.31903.59
MinimumVisualStudioVersion = 10.0.40219.1
Project("{FAE04EC0-301F-11D3-BF4B-00C04F79EFBC}") = "CheckBox", "CheckBox.csproj", "{89416609-3624-4BE2-B853-10DDB4115BE8}"
EndProject
Global
	GlobalSection(SolutionConfigurationPlatforms) = preSolution
		Debug|Any CPU = Debug|Any CPU
		Release|Any CPU = Release|Any CPU
	EndGlobalSection
	GlobalSection(ProjectConfigurationPlatforms) = postSolution
		{89416609-3624-4BE2-B853-10DDB4115BE8}.Debug|Any CPU.ActiveCfg = Debug|Any CPU
		{89416609-3624-4BE2-B853-10DDB4115BE8}.Debug|Any CPU.Build.0 = Debug|Any CPU
		{89416609-3624-4BE2-B853-10DDB4115BE8}.Release|Any CPU.ActiveCfg = Release|Any CPU
		{89416609-3624-4BE2-B853-10DDB4115BE8}.Release|Any CPU.Build.0 = Release|Any CPU
	EndGlobalSection
	GlobalSection(SolutionProperties) = preSolution
		HideSolutionNode = FALSE
	EndGlobalSection
	GlobalSection(ExtensibilityGlobals) = postSolution
		SolutionGuid = {86D7EF26-AF98-4947-B0F7-D51A13D911AF}
	EndGlobalSection
EndGlobal
